
Microsoft Visual Studio Solution File, Format Version 12.00
# Visual Studio Version 17
VisualStudioVersion = 17.7.34031.279
MinimumVisualStudioVersion = 10.0.40219.1
Project("{9A19103F-16F7-4668-BE54-9A1E7A4F7556}") = "Safe", "Safe_WPF_MVP\Safe.csproj", "{226D7AAB-37C0-4E56-9412-7532222A0AEE}"
EndProject
Global
	GlobalSection(SolutionConfigurationPlatforms) = preSolution
		Debug|Any CPU = Debug|Any CPU
		Release|Any CPU = Release|Any CPU
	EndGlobalSection
	GlobalSection(ProjectConfigurationPlatforms) = postSolution
		{226D7AAB-37C0-4E56-9412-7532222A0AEE}.Debug|Any CPU.ActiveCfg = Debug|Any CPU
		{226D7AAB-37C0-4E56-9412-7532222A0AEE}.Debug|Any CPU.Build.0 = Debug|Any CPU
		{226D7AAB-37C0-4E56-9412-7532222A0AEE}.Release|Any CPU.ActiveCfg = Release|Any CPU
		{226D7AAB-37C0-4E56-9412-7532222A0AEE}.Release|Any CPU.Build.0 = Release|Any CPU
	EndGlobalSection
	GlobalSection(SolutionProperties) = preSolution
		HideSolutionNode = FALSE
	EndGlobalSection
	GlobalSection(ExtensibilityGlobals) = postSolution
		SolutionGuid = {67AC5161-28CB-41EA-B56C-C7F068E5CF34}
	EndGlobalSection
EndGlobal
